{
    "_readme": [
        "This file locks the dependencies of your project to a known state",
        "Read more about it at https://getcomposer.org/doc/01-basic-usage.md#installing-dependencies",
        "This file is @generated automatically"
    ],
    "content-hash": "c3a3145a1af61cf49a823279a9c9cd76",
    "packages": [
        {
            "name": "johnbillion/args",
            "version": "1.9.0",
            "source": {
                "type": "git",
                "url": "https://github.com/johnbillion/args.git",
                "reference": "78dd8408f61960784982fb55efd8b1bc88d4584c"
            },
            "dist": {
                "type": "zip",
                "url": "https://api.github.com/repos/johnbillion/args/zipball/78dd8408f61960784982fb55efd8b1bc88d4584c",
                "reference": "78dd8408f61960784982fb55efd8b1bc88d4584c",
                "shasum": ""
            },
            "require": {
                "php": ">=7.4"
            },
            "require-dev": {
                "ergebnis/json-printer": "^3.2",
                "ergebnis/phpstan-rules": "^1.0",
                "humanmade/coding-standards": "^1.1",
                "johnbillion/falsey-assertequals-detector": "^3",
                "phpdocumentor/reflection": "~4.0 || ~5.0",
                "phpstan/phpstan": "^1.0",
                "phpstan/phpstan-phpunit": "^1.0",
                "phpstan/phpstan-strict-rules": "^1.1",
                "phpunit/phpunit": "^9.0",
                "roots/wordpress-core-installer": "^1.0.0",
                "roots/wordpress-full": "~6.4.0"
            },
            "type": "library",
            "extra": {
                "args-shapes": [
                    "--function=\"\\get_categories()\" --param=args --file=vendor/wordpress/wordpress/wp-includes/category.php",
                    "--function=\"\\get_comments()\" --param=args --file=vendor/wordpress/wordpress/wp-includes/comment.php",
                    "--function=\"\\get_posts()\" --param=args --file=vendor/wordpress/wordpress/wp-includes/post.php",
                    "--function=\"\\get_tags()\" --param=args --file=vendor/wordpress/wordpress/wp-includes/category.php",
                    "--function=\"\\get_terms()\" --param=args --file=vendor/wordpress/wordpress/wp-includes/taxonomy.php",
                    "--function=\"\\get_users()\" --param=args --file=vendor/wordpress/wordpress/wp-includes/user.php",
                    "--function=\"\\paginate_links()\" --param=args --file=vendor/wordpress/wordpress/wp-includes/general-template.php",
                    "--function=\"\\register_block_type()\" --param=args --file=vendor/wordpress/wordpress/wp-includes/blocks.php",
                    "--function=\"\\register_meta()\" --param=args --file=vendor/wordpress/wordpress/wp-includes/meta.php",
                    "--function=\"\\register_post_meta()\" --param=args --file=vendor/wordpress/wordpress/wp-includes/post.php",
                    "--function=\"\\register_post_status()\" --param=args --file=vendor/wordpress/wordpress/wp-includes/post.php",
                    "--function=\"\\register_post_type()\" --param=args --file=vendor/wordpress/wordpress/wp-includes/post.php",
                    "--function=\"\\register_rest_field()\" --param=args --file=vendor/wordpress/wordpress/wp-includes/rest-api.php",
                    "--function=\"\\register_taxonomy()\" --param=args --file=vendor/wordpress/wordpress/wp-includes/taxonomy.php",
                    "--function=\"\\register_term_meta()\" --param=args --file=vendor/wordpress/wordpress/wp-includes/taxonomy.php",
                    "--function=\"\\wp_count_terms()\" --param=args --file=vendor/wordpress/wordpress/wp-includes/taxonomy.php",
                    "--function=\"\\wp_die()\" --param=args --file=vendor/wordpress/wordpress/wp-includes/functions.php",
                    "--function=\"\\wp_dropdown_categories()\" --param=args --file=vendor/wordpress/wordpress/wp-includes/category-template.php",
                    "--function=\"\\wp_dropdown_languages()\" --param=args --file=vendor/wordpress/wordpress/wp-includes/l10n.php",
                    "--function=\"\\wp_generate_tag_cloud()\" --param=args --file=vendor/wordpress/wordpress/wp-includes/category-template.php",
                    "--function=\"\\wp_get_nav_menus()\" --param=args --file=vendor/wordpress/wordpress/wp-includes/nav-menu.php",
                    "--function=\"\\wp_get_object_terms()\" --param=args --file=vendor/wordpress/wordpress/wp-includes/taxonomy.php",
                    "--function=\"\\wp_insert_post()\" --param=postarr --file=vendor/wordpress/wordpress/wp-includes/post.php",
                    "--function=\"\\wp_insert_term()\" --param=args --file=vendor/wordpress/wordpress/wp-includes/taxonomy.php",
                    "--function=\"\\wp_insert_user()\" --param=userdata --file=vendor/wordpress/wordpress/wp-includes/user.php",
                    "--function=\"\\wp_nav_menu()\" --param=args --file=vendor/wordpress/wordpress/wp-includes/nav-menu-template.php",
                    "--function=\"\\wp_remote_get()\" --param=args --file=vendor/wordpress/wordpress/wp-includes/http.php",
                    "--function=\"\\wp_remote_head()\" --param=args --file=vendor/wordpress/wordpress/wp-includes/http.php",
                    "--function=\"\\wp_remote_post()\" --param=args --file=vendor/wordpress/wordpress/wp-includes/http.php",
                    "--function=\"\\wp_remote_request()\" --param=args --file=vendor/wordpress/wordpress/wp-includes/http.php",
                    "--function=\"\\wp_safe_remote_get()\" --param=args --file=vendor/wordpress/wordpress/wp-includes/http.php",
                    "--function=\"\\wp_safe_remote_head()\" --param=args --file=vendor/wordpress/wordpress/wp-includes/http.php",
                    "--function=\"\\wp_safe_remote_post()\" --param=args --file=vendor/wordpress/wordpress/wp-includes/http.php",
                    "--function=\"\\wp_safe_remote_request()\" --param=args --file=vendor/wordpress/wordpress/wp-includes/http.php",
                    "--function=\"\\wp_update_post()\" --param=postarr --file=vendor/wordpress/wordpress/wp-includes/post.php",
                    "--function=\"\\wp_update_term()\" --param=args --file=vendor/wordpress/wordpress/wp-includes/taxonomy.php",
                    "--function=\"\\wp_update_user()\" --param=userdata --file=vendor/wordpress/wordpress/wp-includes/user.php",
                    "--method=\"\\WP_Block_Type::__construct()\" --param=args --file=vendor/wordpress/wordpress/wp-includes/class-wp-block-type.php",
                    "--method=\"\\WP_Comment_Query::__construct()\" --param=query --file=vendor/wordpress/wordpress/wp-includes/class-wp-comment-query.php",
                    "--method=\"\\WP_Customize_Control::__construct()\" --param=args --file=vendor/wordpress/wordpress/wp-includes/class-wp-customize-control.php",
                    "--method=\"\\WP_Customize_Manager::__construct()\" --param=args --file=vendor/wordpress/wordpress/wp-includes/class-wp-customize-manager.php",
                    "--method=\"\\WP_Customize_Panel::__construct()\" --param=args --file=vendor/wordpress/wordpress/wp-includes/class-wp-customize-panel.php",
                    "--method=\"\\WP_Customize_Section::__construct()\" --param=args --file=vendor/wordpress/wordpress/wp-includes/class-wp-customize-section.php",
                    "--method=\"\\WP_Customize_Setting::__construct()\" --param=args --file=vendor/wordpress/wordpress/wp-includes/class-wp-customize-setting.php",
                    "--method=\"\\WP_Http::request()\" --param=args --file=vendor/wordpress/wordpress/wp-includes/class-wp-http.php",
                    "--method=\"\\WP_Query::parse_query()\" --param=query --file=vendor/wordpress/wordpress/wp-includes/class-wp-query.php",
                    "--method=\"\\WP_Term_Query::__construct()\" --param=query --file=vendor/wordpress/wordpress/wp-includes/class-wp-term-query.php",
                    "--method=\"\\WP_User_Query::prepare_query()\" --param=query --file=vendor/wordpress/wordpress/wp-includes/class-wp-user-query.php"
                ],
                "wordpress-install-dir": "vendor/wordpress/wordpress"
            },
            "autoload": {
                "psr-4": {
                    "Args\\": "src/"
                }
            },
            "notification-url": "https://packagist.org/downloads/",
            "license": [
                "GPL-2.0-or-later"
            ],
            "authors": [
                {
                    "name": "John Blackbourn",
                    "homepage": "https://johnblackbourn.com/"
                }
            ],
            "description": "I don't want to get into an argument about this.",
            "support": {
                "issues": "https://github.com/johnbillion/args/issues",
                "source": "https://github.com/johnbillion/args/tree/1.9.0"
            },
            "funding": [
                {
                    "url": "https://github.com/sponsors/johnbillion",
                    "type": "github"
                }
            ],
            "time": "2023-11-07T23:51:42+00:00"
        },
        {
            "name": "johnbillion/extended-cpts",
            "version": "5.0.6",
            "source": {
                "type": "git",
                "url": "https://github.com/johnbillion/extended-cpts.git",
                "reference": "992bf43115fe81a07888bc2537432fb083c4e9f4"
            },
            "dist": {
                "type": "zip",
                "url": "https://api.github.com/repos/johnbillion/extended-cpts/zipball/992bf43115fe81a07888bc2537432fb083c4e9f4",
                "reference": "992bf43115fe81a07888bc2537432fb083c4e9f4",
                "shasum": ""
            },
            "require": {
                "johnbillion/args": "^1.4.1",
                "php": ">= 7.4.0"
            },
            "require-dev": {
                "automattic/phpcs-neutron-standard": "1.7.0",
                "dealerdirect/phpcodesniffer-composer-installer": "^0.7",
                "johnbillion/falsey-assertequals-detector": "*",
                "johnbillion/plugin-infrastructure": "dev-trunk",
                "lucatume/wp-browser": "^3.0.21",
                "phpcompatibility/phpcompatibility-wp": "^2",
                "phpstan/phpstan": "^1.0",
                "phpstan/phpstan-phpunit": "^1.0",
                "roots/wordpress-core-installer": "^1.0.0",
                "roots/wordpress-full": "*",
                "szepeviktor/phpstan-wordpress": "1.1.6",
                "wp-coding-standards/wpcs": "2.3.0"
            },
            "type": "library",
            "extra": {
                "wordpress-install-dir": "vendor/wordpress/wordpress"
            },
            "autoload": {
                "files": [
                    "functions.php"
                ],
                "psr-4": {
                    "ExtCPTs\\": "src",
                    "ExtCPTs\\Tests\\": "tests/integration"
                }
            },
            "notification-url": "https://packagist.org/downloads/",
            "license": [
                "GPL-2.0-or-later"
            ],
            "authors": [
                {
                    "name": "John Blackbourn",
                    "homepage": "https://johnblackbourn.com/"
                }
            ],
            "description": "A library which provides extended functionality to WordPress custom post types and taxonomies.",
            "homepage": "https://github.com/johnbillion/extended-cpts/",
            "support": {
                "issues": "https://github.com/johnbillion/extended-cpts/issues",
                "source": "https://github.com/johnbillion/extended-cpts/tree/5.0.6"
            },
            "funding": [
                {
                    "url": "https://github.com/johnbillion",
                    "type": "github"
                }
            ],
            "time": "2023-11-17T01:34:02+00:00"
        },
        {
            "name": "squizlabs/php_codesniffer",
            "version": "3.8.0",
            "source": {
                "type": "git",
                "url": "https://github.com/PHPCSStandards/PHP_CodeSniffer.git",
                "reference": "5805f7a4e4958dbb5e944ef1e6edae0a303765e7"
            },
            "dist": {
                "type": "zip",
                "url": "https://api.github.com/repos/PHPCSStandards/PHP_CodeSniffer/zipball/5805f7a4e4958dbb5e944ef1e6edae0a303765e7",
                "reference": "5805f7a4e4958dbb5e944ef1e6edae0a303765e7",
                "shasum": ""
            },
            "require": {
                "ext-simplexml": "*",
                "ext-tokenizer": "*",
                "ext-xmlwriter": "*",
                "php": ">=5.4.0"
            },
            "require-dev": {
                "phpunit/phpunit": "^4.0 || ^5.0 || ^6.0 || ^7.0 || ^8.0 || ^9.0"
            },
            "bin": [
                "bin/phpcs",
                "bin/phpcbf"
            ],
            "type": "library",
            "extra": {
                "branch-alias": {
                    "dev-master": "3.x-dev"
                }
            },
            "notification-url": "https://packagist.org/downloads/",
            "license": [
                "BSD-3-Clause"
            ],
            "authors": [
                {
                    "name": "Greg Sherwood",
                    "role": "Former lead"
                },
                {
                    "name": "Juliette Reinders Folmer",
                    "role": "Current lead"
                },
                {
                    "name": "Contributors",
                    "homepage": "https://github.com/PHPCSStandards/PHP_CodeSniffer/graphs/contributors"
                }
            ],
            "description": "PHP_CodeSniffer tokenizes PHP, JavaScript and CSS files and detects violations of a defined set of coding standards.",
            "homepage": "https://github.com/PHPCSStandards/PHP_CodeSniffer",
            "keywords": [
                "phpcs",
                "standards",
                "static analysis"
            ],
            "support": {
                "issues": "https://github.com/PHPCSStandards/PHP_CodeSniffer/issues",
                "security": "https://github.com/PHPCSStandards/PHP_CodeSniffer/security/policy",
                "source": "https://github.com/PHPCSStandards/PHP_CodeSniffer",
                "wiki": "https://github.com/PHPCSStandards/PHP_CodeSniffer/wiki"
            },
            "funding": [
                {
                    "url": "https://github.com/PHPCSStandards",
                    "type": "github"
                },
                {
                    "url": "https://github.com/jrfnl",
                    "type": "github"
                },
                {
                    "url": "https://opencollective.com/php_codesniffer",
                    "type": "open_collective"
                }
            ],
            "time": "2023-12-08T12:32:31+00:00"
        }
    ],
    "packages-dev": [
        {
            "name": "php-stubs/acf-pro-stubs",
            "version": "v6.1.7",
            "source": {
                "type": "git",
                "url": "https://github.com/php-stubs/acf-pro-stubs.git",
                "reference": "0e6c6da1c581b7a6fa555da1ccd90260b5bbc495"
            },
            "dist": {
                "type": "zip",
                "url": "https://api.github.com/repos/php-stubs/acf-pro-stubs/zipball/0e6c6da1c581b7a6fa555da1ccd90260b5bbc495",
                "reference": "0e6c6da1c581b7a6fa555da1ccd90260b5bbc495",
                "shasum": ""
            },
            "require": {
                "php-stubs/wordpress-stubs": "^4.7 || ^5.0 || ^6.0"
            },
            "require-dev": {
                "php": "~7.1",
                "php-stubs/generator": "^0.8"
            },
            "suggest": {
                "symfony/polyfill-php73": "Symfony polyfill backporting some PHP 7.3+ features to lower PHP versions",
                "szepeviktor/phpstan-wordpress": "WordPress extensions for PHPStan"
            },
            "type": "library",
            "notification-url": "https://packagist.org/downloads/",
            "license": [
                "GPL-2.0-or-later"
            ],
            "description": "Advanced Custom Fields PRO stubs for static analysis.",
            "homepage": "https://github.com/php-stubs/acf-pro-stubs",
            "keywords": [
                "PHPStan",
                "acf",
                "static analysis",
                "wordpress"
            ],
            "support": {
                "issues": "https://github.com/php-stubs/acf-pro-stubs/issues",
                "source": "https://github.com/php-stubs/acf-pro-stubs/tree/v6.1.7"
            },
            "time": "2023-07-21T09:18:17+00:00"
        },
        {
            "name": "php-stubs/wordpress-stubs",
            "version": "v6.4.1",
            "source": {
                "type": "git",
                "url": "https://github.com/php-stubs/wordpress-stubs.git",
                "reference": "6d6063cf9464a306ca2a0529705d41312b08500b"
            },
            "dist": {
                "type": "zip",
                "url": "https://api.github.com/repos/php-stubs/wordpress-stubs/zipball/6d6063cf9464a306ca2a0529705d41312b08500b",
                "reference": "6d6063cf9464a306ca2a0529705d41312b08500b",
                "shasum": ""
            },
            "require-dev": {
                "dealerdirect/phpcodesniffer-composer-installer": "^1.0",
                "nikic/php-parser": "^4.13",
                "php": "^7.4 || ~8.0.0",
                "php-stubs/generator": "^0.8.3",
                "phpdocumentor/reflection-docblock": "^5.3",
                "phpstan/phpstan": "^1.10.12",
                "phpunit/phpunit": "^9.5",
                "szepeviktor/phpcs-psr-12-neutron-hybrid-ruleset": "^0.8"
            },
            "suggest": {
                "paragonie/sodium_compat": "Pure PHP implementation of libsodium",
                "symfony/polyfill-php80": "Symfony polyfill backporting some PHP 8.0+ features to lower PHP versions",
                "szepeviktor/phpstan-wordpress": "WordPress extensions for PHPStan"
            },
            "type": "library",
            "notification-url": "https://packagist.org/downloads/",
            "license": [
                "MIT"
            ],
            "description": "WordPress function and class declaration stubs for static analysis.",
            "homepage": "https://github.com/php-stubs/wordpress-stubs",
            "keywords": [
                "PHPStan",
                "static analysis",
                "wordpress"
            ],
            "support": {
                "issues": "https://github.com/php-stubs/wordpress-stubs/issues",
                "source": "https://github.com/php-stubs/wordpress-stubs/tree/v6.4.1"
            },
            "time": "2023-11-10T00:33:47+00:00"
        },
        {
            "name": "phpcompatibility/php-compatibility",
            "version": "9.3.5",
            "source": {
                "type": "git",
                "url": "https://github.com/PHPCompatibility/PHPCompatibility.git",
                "reference": "9fb324479acf6f39452e0655d2429cc0d3914243"
            },
            "dist": {
                "type": "zip",
                "url": "https://api.github.com/repos/PHPCompatibility/PHPCompatibility/zipball/9fb324479acf6f39452e0655d2429cc0d3914243",
                "reference": "9fb324479acf6f39452e0655d2429cc0d3914243",
                "shasum": ""
            },
            "require": {
                "php": ">=5.3",
                "squizlabs/php_codesniffer": "^2.3 || ^3.0.2"
            },
            "conflict": {
                "squizlabs/php_codesniffer": "2.6.2"
            },
            "require-dev": {
                "phpunit/phpunit": "~4.5 || ^5.0 || ^6.0 || ^7.0"
            },
            "suggest": {
                "dealerdirect/phpcodesniffer-composer-installer": "^0.5 || This Composer plugin will sort out the PHPCS 'installed_paths' automatically.",
                "roave/security-advisories": "dev-master || Helps prevent installing dependencies with known security issues."
            },
            "type": "phpcodesniffer-standard",
            "notification-url": "https://packagist.org/downloads/",
            "license": [
                "LGPL-3.0-or-later"
            ],
            "authors": [
                {
                    "name": "Wim Godden",
                    "homepage": "https://github.com/wimg",
                    "role": "lead"
                },
                {
                    "name": "Juliette Reinders Folmer",
                    "homepage": "https://github.com/jrfnl",
                    "role": "lead"
                },
                {
                    "name": "Contributors",
                    "homepage": "https://github.com/PHPCompatibility/PHPCompatibility/graphs/contributors"
                }
            ],
            "description": "A set of sniffs for PHP_CodeSniffer that checks for PHP cross-version compatibility.",
            "homepage": "http://techblog.wimgodden.be/tag/codesniffer/",
            "keywords": [
                "compatibility",
                "phpcs",
                "standards"
            ],
            "support": {
                "issues": "https://github.com/PHPCompatibility/PHPCompatibility/issues",
                "source": "https://github.com/PHPCompatibility/PHPCompatibility"
            },
            "time": "2019-12-27T09:44:58+00:00"
        }
    ],
    "aliases": [],
    "minimum-stability": "stable",
    "stability-flags": [],
    "prefer-stable": false,
    "prefer-lowest": false,
    "platform": {
        "php": "^8.1"
    },
    "platform-dev": [],
    "plugin-api-version": "2.6.0"
}
